
Microsoft Visual Studio Solution File, Format Version 12.00
# Visual Studio Version 17
VisualStudioVersion = 17.10.35013.160
MinimumVisualStudioVersion = 10.0.40219.1
Project("{F184B08F-C81C-45F6-A57F-5ABD9991F28F}") = "Rafe Loveday Computing NEA 2025", "Rafe Loveday Computing NEA 2025\Rafe Loveday Computing NEA 2025.vbproj", "{1F95BD61-A2A9-4FAA-A076-13E1EC877FD0}"
EndProject
Global
	GlobalSection(SolutionConfigurationPlatforms) = preSolution
		Debug|Any CPU = Debug|Any CPU
		Release|Any CPU = Release|Any CPU
	EndGlobalSection
	GlobalSection(ProjectConfigurationPlatforms) = postSolution
		{1F95BD61-A2A9-4FAA-A076-13E1EC877FD0}.Debug|Any CPU.ActiveCfg = Debug|Any CPU
		{1F95BD61-A2A9-4FAA-A076-13E1EC877FD0}.Debug|Any CPU.Build.0 = Debug|Any CPU
		{1F95BD61-A2A9-4FAA-A076-13E1EC877FD0}.Release|Any CPU.ActiveCfg = Release|Any CPU
		{1F95BD61-A2A9-4FAA-A076-13E1EC877FD0}.Release|Any CPU.Build.0 = Release|Any CPU
	EndGlobalSection
	GlobalSection(SolutionProperties) = preSolution
		HideSolutionNode = FALSE
	EndGlobalSection
	GlobalSection(ExtensibilityGlobals) = postSolution
		SolutionGuid = {0278D9DC-3CB5-4BCE-B9BD-47C81C1ABA65}
	EndGlobalSection
EndGlobal
